// !$*UTF8*$!
{
	archiveVersion = 1;
	classes = {
	};
	objectVersion = 50;
	objects = {

/* Begin PBXBuildFile section */
		24741E0D23A2611000B41FE1 /* AppDelegate.swift in Sources */ = {isa = PBXBuildFile; fileRef = 24741E0C23A2611000B41FE1 /* AppDelegate.swift */; };
		24741E0F23A2611000B41FE1 /* SceneDelegate.swift in Sources */ = {isa = PBXBuildFile; fileRef = 24741E0E23A2611000B41FE1 /* SceneDelegate.swift */; };
		24741E1123A2611000B41FE1 /* ViewController.swift in Sources */ = {isa = PBXBuildFile; fileRef = 24741E1023A2611000B41FE1 /* ViewController.swift */; };
		24741E1423A2611000B41FE1 /* Main.storyboard in Resources */ = {isa = PBXBuildFile; fileRef = 24741E1223A2611000B41FE1 /* Main.storyboard */; };
		24741E1723A2611000B41FE1 /* ARFaceTrackingApps.xcdatamodeld in Sources */ = {isa = PBXBuildFile; fileRef = 24741E1523A2611000B41FE1 /* ARFaceTrackingApps.xcdatamodeld */; };
		24741E1923A2611100B41FE1 /* Assets.xcassets in Resources */ = {isa = PBXBuildFile; fileRef = 24741E1823A2611100B41FE1 /* Assets.xcassets */; };
		24741E1C23A2611100B41FE1 /* LaunchScreen.storyboard in Resources */ = {isa = PBXBuildFile; fileRef = 24741E1A23A2611100B41FE1 /* LaunchScreen.storyboard */; };
		24741E2423A261AB00B41FE1 /* Mask.swift in Sources */ = {isa = PBXBuildFile; fileRef = 24741E2323A261AB00B41FE1 /* Mask.swift */; };
		24741E2623A261BF00B41FE1 /* VirtualFaceContent.swift in Sources */ = {isa = PBXBuildFile; fileRef = 24741E2523A261BF00B41FE1 /* VirtualFaceContent.swift */; };
		24741E2823A261D600B41FE1 /* VirtualContentUpdater.swift in Sources */ = {isa = PBXBuildFile; fileRef = 24741E2723A261D600B41FE1 /* VirtualContentUpdater.swift */; };
/* End PBXBuildFile section */

/* Begin PBXFileReference section */
		24741E0923A2611000B41FE1 /* ARFaceTrackingApps.app */ = {isa = PBXFileReference; explicitFileType = wrapper.application; includeInIndex = 0; path = ARFaceTrackingApps.app; sourceTree = BUILT_PRODUCTS_DIR; };
		24741E0C23A2611000B41FE1 /* AppDelegate.swift */ = {isa = PBXFileReference; lastKnownFileType = sourcecode.swift; path = AppDelegate.swift; sourceTree = "<group>"; };
		24741E0E23A2611000B41FE1 /* SceneDelegate.swift */ = {isa = PBXFileReference; lastKnownFileType = sourcecode.swift; path = SceneDelegate.swift; sourceTree = "<group>"; };
		24741E1023A2611000B41FE1 /* ViewController.swift */ = {isa = PBXFileReference; lastKnownFileType = sourcecode.swift; path = ViewController.swift; sourceTree = "<group>"; };
		24741E1323A2611000B41FE1 /* Base */ = {isa = PBXFileReference; lastKnownFileType = file.storyboard; name = Base; path = Base.lproj/Main.storyboard; sourceTree = "<group>"; };
		24741E1623A2611000B41FE1 /* ARFaceTrackingApps.xcdatamodel */ = {isa = PBXFileReference; lastKnownFileType = wrapper.xcdatamodel; path = ARFaceTrackingApps.xcdatamodel; sourceTree = "<group>"; };
		24741E1823A2611100B41FE1 /* Assets.xcassets */ = {isa = PBXFileReference; lastKnownFileType = folder.assetcatalog; path = Assets.xcassets; sourceTree = "<group>"; };
		24741E1B23A2611100B41FE1 /* Base */ = {isa = PBXFileReference; lastKnownFileType = file.storyboard; name = Base; path = Base.lproj/LaunchScreen.storyboard; sourceTree = "<group>"; };
		24741E1D23A2611100B41FE1 /* Info.plist */ = {isa = PBXFileReference; lastKnownFileType = text.plist.xml; path = Info.plist; sourceTree = "<group>"; };
		24741E2323A261AB00B41FE1 /* Mask.swift */ = {isa = PBXFileReference; lastKnownFileType = sourcecode.swift; path = Mask.swift; sourceTree = "<group>"; };
		24741E2523A261BF00B41FE1 /* VirtualFaceContent.swift */ = {isa = PBXFileReference; lastKnownFileType = sourcecode.swift; path = VirtualFaceContent.swift; sourceTree = "<group>"; };
		24741E2723A261D600B41FE1 /* VirtualContentUpdater.swift */ = {isa = PBXFileReference; lastKnownFileType = sourcecode.swift; path = VirtualContentUpdater.swift; sourceTree = "<group>"; };
/* End PBXFileReference section */

/* Begin PBXFrameworksBuildPhase section */
		24741E0623A2611000B41FE1 /* Frameworks */ = {
			isa = PBXFrameworksBuildPhase;
			buildActionMask = 2147483647;
			files = (
			);
			runOnlyForDeploymentPostprocessing = 0;
		};
/* End PBXFrameworksBuildPhase section */

/* Begin PBXGroup section */
		24741E0023A2611000B41FE1 = {
			isa = PBXGroup;
			children = (
				24741E0B23A2611000B41FE1 /* ARFaceTrackingApps */,
				24741E0A23A2611000B41FE1 /* Products */,
			);
			sourceTree = "<group>";
		};
		24741E0A23A2611000B41FE1 /* Products */ = {
			isa = PBXGroup;
			children = (
				24741E0923A2611000B41FE1 /* ARFaceTrackingApps.app */,
			);
			name = Products;
			sourceTree = "<group>";
		};
		24741E0B23A2611000B41FE1 /* ARFaceTrackingApps */ = {
			isa = PBXGroup;
			children = (
				24741E0C23A2611000B41FE1 /* AppDelegate.swift */,
				24741E0E23A2611000B41FE1 /* SceneDelegate.swift */,
				24741E1023A2611000B41FE1 /* ViewController.swift */,
				24741E1223A2611000B41FE1 /* Main.storyboard */,
				24741E2323A261AB00B41FE1 /* Mask.swift */,
				24741E2523A261BF00B41FE1 /* VirtualFaceContent.swift */,
				24741E2723A261D600B41FE1 /* VirtualContentUpdater.swift */,
				24741E1823A2611100B41FE1 /* Assets.xcassets */,
				24741E1A23A2611100B41FE1 /* LaunchScreen.storyboard */,
				24741E1D23A2611100B41FE1 /* Info.plist */,
				24741E1523A2611000B41FE1 /* ARFaceTrackingApps.xcdatamodeld */,
			);
			path = ARFaceTrackingApps;
			sourceTree = "<group>";
		};
/* End PBXGroup section */

/* Begin PBXNativeTarget section */
		24741E0823A2611000B41FE1 /* ARFaceTrackingApps */ = {
			isa = PBXNativeTarget;
			buildConfigurationList = 24741E2023A2611100B41FE1 /* Build configuration list for PBXNativeTarget "ARFaceTrackingApps" */;
			buildPhases = (
				24741E0523A2611000B41FE1 /* Sources */,
				24741E0623A2611000B41FE1 /* Frameworks */,
				24741E0723A2611000B41FE1 /* Resources */,
			);
			buildRules = (
			);
			dependencies = (
			);
			name = ARFaceTrackingApps;
			productName = ARFaceTrackingApps;
			productReference = 24741E0923A2611000B41FE1 /* ARFaceTrackingApps.app */;
			productType = "com.apple.product-type.application";
		};
/* End PBXNativeTarget section */

/* Begin PBXProject section */
		24741E0123A2611000B41FE1 /* Project object */ = {
			isa = PBXProject;
			attributes = {
				LastSwiftUpdateCheck = 1130;
				LastUpgradeCheck = 1130;
				ORGANIZATIONNAME = "g-chan";
				TargetAttributes = {
					24741E0823A2611000B41FE1 = {
						CreatedOnToolsVersion = 11.3;
					};
				};
			};
			buildConfigurationList = 24741E0423A2611000B41FE1 /* Build configuration list for PBXProject "ARFaceTrackingApps" */;
			compatibilityVersion = "Xcode 9.3";
			developmentRegion = en;
			hasScannedForEncodings = 0;
			knownRegions = (
				en,
				Base,
			);
			mainGroup = 24741E0023A2611000B41FE1;
			productRefGroup = 24741E0A23A2611000B41FE1 /* Products */;
			projectDirPath = "";
			projectRoot = "";
			targets = (
				24741E0823A2611000B41FE1 /* ARFaceTrackingApps */,
			);
		};
/* End PBXProject section */

/* Begin PBXResourcesBuildPhase section */
		24741E0723A2611000B41FE1 /* Resources */ = {
			isa = PBXResourcesBuildPhase;
			buildActionMask = 2147483647;
			files = (
				24741E1C23A2611100B41FE1 /* LaunchScreen.storyboard in Resources */,
				24741E1923A2611100B41FE1 /* Assets.xcassets in Resources */,
				24741E1423A2611000B41FE1 /* Main.storyboard in Resources */,
			);
			runOnlyForDeploymentPostprocessing = 0;
		};
/* End PBXResourcesBuildPhase section */

/* Begin PBXSourcesBuildPhase section */
		24741E0523A2611000B41FE1 /* Sources */ = {
			isa = PBXSourcesBuildPhase;
			buildActionMask = 2147483647;
			files = (
				24741E1723A2611000B41FE1 /* ARFaceTrackingApps.xcdatamodeld in Sources */,
				24741E2823A261D600B41FE1 /* VirtualContentUpdater.swift in Sources */,
				24741E1123A2611000B41FE1 /* ViewController.swift in Sources */,
				24741E0D23A2611000B41FE1 /* AppDelegate.swift in Sources */,
				24741E0F23A2611000B41FE1 /* SceneDelegate.swift in Sources */,
				24741E2623A261BF00B41FE1 /* VirtualFaceContent.swift in Sources */,
				24741E2423A261AB00B41FE1 /* Mask.swift in Sources */,
			);
			runOnlyForDeploymentPostprocessing = 0;
		};
/* End PBXSourcesBuildPhase section */

/* Begin PBXVariantGroup section */
		24741E1223A2611000B41FE1 /* Main.storyboard */ = {
			isa = PBXVariantGroup;
			children = (
				24741E1323A2611000B41FE1 /* Base */,
			);
			name = Main.storyboard;
			sourceTree = "<group>";
		};
		24741E1A23A2611100B41FE1 /* LaunchScreen.storyboard */ = {
			isa = PBXVariantGroup;
			children = (
				24741E1B23A2611100B41FE1 /* Base */,
			);
			name = LaunchScreen.storyboard;
			sourceTree = "<group>";
		};
/* End PBXVariantGroup section */

/* Begin XCBuildConfiguration section */
		24741E1E23A2611100B41FE1 /* Debug */ = {
			isa = XCBuildConfiguration;
			buildSettings = {
				ALWAYS_SEARCH_USER_PATHS = NO;
				CLANG_ANALYZER_NONNULL = YES;
				CLANG_ANALYZER_NUMBER_OBJECT_CONVERSION = YES_AGGRESSIVE;
				CLANG_CXX_LANGUAGE_STANDARD = "gnu++14";
				CLANG_CXX_LIBRARY = "libc++";
				CLANG_ENABLE_MODULES = YES;
				CLANG_ENABLE_OBJC_ARC = YES;
				CLANG_ENABLE_OBJC_WEAK = YES;
				CLANG_WARN_BLOCK_CAPTURE_AUTORELEASING = YES;
				CLANG_WARN_BOOL_CONVERSION = YES;
				CLANG_WARN_COMMA = YES;
				CLANG_WARN_CONSTANT_CONVERSION = YES;
				CLANG_WARN_DEPRECATED_OBJC_IMPLEMENTATIONS = YES;
				CLANG_WARN_DIRECT_OBJC_ISA_USAGE = YES_ERROR;
				CLANG_WARN_DOCUMENTATION_COMMENTS = YES;
				CLANG_WARN_EMPTY_BODY = YES;
				CLANG_WARN_ENUM_CONVERSION = YES;
				CLANG_WARN_INFINITE_RECURSION = YES;
				CLANG_WARN_INT_CONVERSION = YES;
				CLANG_WARN_NON_LITERAL_NULL_CONVERSION = YES;
				CLANG_WARN_OBJC_IMPLICIT_RETAIN_SELF = YES;
				CLANG_WARN_OBJC_LITERAL_CONVERSION = YES;
				CLANG_WARN_OBJC_ROOT_CLASS = YES_ERROR;
				CLANG_WARN_RANGE_LOOP_ANALYSIS = YES;
				CLANG_WARN_STRICT_PROTOTYPES = YES;
				CLANG_WARN_SUSPICIOUS_MOVE = YES;
				CLANG_WARN_UNGUARDED_AVAILABILITY = YES_AGGRESSIVE;
				CLANG_WARN_UNREACHABLE_CODE = YES;
				CLANG_WARN__DUPLICATE_METHOD_MATCH = YES;
				COPY_PHASE_STRIP = NO;
				DEBUG_INFORMATION_FORMAT = dwarf;
				ENABLE_STRICT_OBJC_MSGSEND = YES;
				ENABLE_TESTABILITY = YES;
				GCC_C_LANGUAGE_STANDARD = gnu11;
				GCC_DYNAMIC_NO_PIC = NO;
				GCC_NO_COMMON_BLOCKS = YES;
				GCC_OPTIMIZATION_LEVEL = 0;
				GCC_PREPROCESSOR_DEFINITIONS = (
					"DEBUG=1",
					"$(inherited)",
				);
				GCC_WARN_64_TO_32_BIT_CONVERSION = YES;
				GCC_WARN_ABOUT_RETURN_TYPE = YES_ERROR;
				GCC_WARN_UNDECLARED_SELECTOR = YES;
				GCC_WARN_UNINITIALIZED_AUTOS = YES_AGGRESSIVE;
				GCC_WARN_UNUSED_FUNCTION = YES;
				GCC_WARN_UNUSED_VARIABLE = YES;
				IPHONEOS_DEPLOYMENT_TARGET = 13.2;
				MTL_ENABLE_DEBUG_INFO = INCLUDE_SOURCE;
				MTL_FAST_MATH = YES;
				ONLY_ACTIVE_ARCH = YES;
				SDKROOT = iphoneos;
				SWIFT_ACTIVE_COMPILATION_CONDITIONS = DEBUG;
				SWIFT_OPTIMIZATION_LEVEL = "-Onone";
			};
			name = Debug;
		};
		24741E1F23A2611100B41FE1 /* Release */ = {
			isa = XCBuildConfiguration;
			buildSettings = {
				ALWAYS_SEARCH_USER_PATHS = NO;
				CLANG_ANALYZER_NONNULL = YES;
				CLANG_ANALYZER_NUMBER_OBJECT_CONVERSION = YES_AGGRESSIVE;
				CLANG_CXX_LANGUAGE_STANDARD = "gnu++14";
				CLANG_CXX_LIBRARY = "libc++";
				CLANG_ENABLE_MODULES = YES;
				CLANG_ENABLE_OBJC_ARC = YES;
				CLANG_ENABLE_OBJC_WEAK = YES;
				CLANG_WARN_BLOCK_CAPTURE_AUTORELEASING = YES;
				CLANG_WARN_BOOL_CONVERSION = YES;
				CLANG_WARN_COMMA = YES;
				CLANG_WARN_CONSTANT_CONVERSION = YES;
				CLANG_WARN_DEPRECATED_OBJC_IMPLEMENTATIONS = YES;
				CLANG_WARN_DIRECT_OBJC_ISA_USAGE = YES_ERROR;
				CLANG_WARN_DOCUMENTATION_COMMENTS = YES;
				CLANG_WARN_EMPTY_BODY = YES;
				CLANG_WARN_ENUM_CONVERSION = YES;
				CLANG_WARN_INFINITE_RECURSION = YES;
				CLANG_WARN_INT_CONVERSION = YES;
				CLANG_WARN_NON_LITERAL_NULL_CONVERSION = YES;
				CLANG_WARN_OBJC_IMPLICIT_RETAIN_SELF = YES;
				CLANG_WARN_OBJC_LITERAL_CONVERSION = YES;
				CLANG_WARN_OBJC_ROOT_CLASS = YES_ERROR;
				CLANG_WARN_RANGE_LOOP_ANALYSIS = YES;
				CLANG_WARN_STRICT_PROTOTYPES = YES;
				CLANG_WARN_SUSPICIOUS_MOVE = YES;
				CLANG_WARN_UNGUARDED_AVAILABILITY = YES_AGGRESSIVE;
				CLANG_WARN_UNREACHABLE_CODE = YES;
				CLANG_WARN__DUPLICATE_METHOD_MATCH = YES;
				COPY_PHASE_STRIP = NO;
				DEBUG_INFORMATION_FORMAT = "dwarf-with-dsym";
				ENABLE_NS_ASSERTIONS = NO;
				ENABLE_STRICT_OBJC_MSGSEND = YES;
				GCC_C_LANGUAGE_STANDARD = gnu11;
				GCC_NO_COMMON_BLOCKS = YES;
				GCC_WARN_64_TO_32_BIT_CONVERSION = YES;
				GCC_WARN_ABOUT_RETURN_TYPE = YES_ERROR;
				GCC_WARN_UNDECLARED_SELECTOR = YES;
				GCC_WARN_UNINITIALIZED_AUTOS = YES_AGGRESSIVE;
				GCC_WARN_UNUSED_FUNCTION = YES;
				GCC_WARN_UNUSED_VARIABLE = YES;
				IPHONEOS_DEPLOYMENT_TARGET = 13.2;
				MTL_ENABLE_DEBUG_INFO = NO;
				MTL_FAST_MATH = YES;
				SDKROOT = iphoneos;
				SWIFT_COMPILATION_MODE = wholemodule;
				SWIFT_OPTIMIZATION_LEVEL = "-O";
				VALIDATE_PRODUCT = YES;
			};
			name = Release;
		};
		24741E2123A2611100B41FE1 /* Debug */ = {
			isa = XCBuildConfiguration;
			buildSettings = {
				ASSETCATALOG_COMPILER_APPICON_NAME = AppIcon;
				CODE_SIGN_STYLE = Automatic;
				DEVELOPMENT_TEAM = 5PRVM435C9;
				INFOPLIST_FILE = ARFaceTrackingApps/Info.plist;
				LD_RUNPATH_SEARCH_PATHS = (
					"$(inherited)",
					"@executable_path/Frameworks",
				);
				PRODUCT_BUNDLE_IDENTIFIER = com.gchan.ARFaceTrackingApps;
				PRODUCT_NAME = "$(TARGET_NAME)";
				SWIFT_VERSION = 5.0;
				TARGETED_DEVICE_FAMILY = "1,2";
			};
			name = Debug;
		};
		24741E2223A2611100B41FE1 /* Release */ = {
			isa = XCBuildConfiguration;
			buildSettings = {
				ASSETCATALOG_COMPILER_APPICON_NAME = AppIcon;
				CODE_SIGN_STYLE = Automatic;
				DEVELOPMENT_TEAM = 5PRVM435C9;
				INFOPLIST_FILE = ARFaceTrackingApps/Info.plist;
				LD_RUNPATH_SEARCH_PATHS = (
					"$(inherited)",
					"@executable_path/Frameworks",
				);
				PRODUCT_BUNDLE_IDENTIFIER = com.gchan.ARFaceTrackingApps;
				PRODUCT_NAME = "$(TARGET_NAME)";
				SWIFT_VERSION = 5.0;
				TARGETED_DEVICE_FAMILY = "1,2";
			};
			name = Release;
		};
/* End XCBuildConfiguration section */

/* Begin XCConfigurationList section */
		24741E0423A2611000B41FE1 /* Build configuration list for PBXProject "ARFaceTrackingApps" */ = {
			isa = XCConfigurationList;
			buildConfigurations = (
				24741E1E23A2611100B41FE1 /* Debug */,
				24741E1F23A2611100B41FE1 /* Release */,
			);
			defaultConfigurationIsVisible = 0;
			defaultConfigurationName = Release;
		};
		24741E2023A2611100B41FE1 /* Build configuration list for PBXNativeTarget "ARFaceTrackingApps" */ = {
			isa = XCConfigurationList;
			buildConfigurations = (
				24741E2123A2611100B41FE1 /* Debug */,
				24741E2223A2611100B41FE1 /* Release */,
			);
			defaultConfigurationIsVisible = 0;
			defaultConfigurationName = Release;
		};
/* End XCConfigurationList section */

/* Begin XCVersionGroup section */
		24741E1523A2611000B41FE1 /* ARFaceTrackingApps.xcdatamodeld */ = {
			isa = XCVersionGroup;
			children = (
				24741E1623A2611000B41FE1 /* ARFaceTrackingApps.xcdatamodel */,
			);
			currentVersion = 24741E1623A2611000B41FE1 /* ARFaceTrackingApps.xcdatamodel */;
			path = ARFaceTrackingApps.xcdatamodeld;
			sourceTree = "<group>";
			versionGroupType = wrapper.xcdatamodel;
		};
/* End XCVersionGroup section */
	};
	rootObject = 24741E0123A2611000B41FE1 /* Project object */;
}
